
Microsoft Visual Studio Solution File, Format Version 12.00
# Visual Studio Version 16
VisualStudioVersion = 16.0.32106.194
MinimumVisualStudioVersion = 10.0.40219.1
Project("{9A19103F-16F7-4668-BE54-9A1E7A4F7556}") = "PracticaSemana2 Ejercicio1", "PracticaSemana2\PracticaSemana2 Ejercicio1.csproj", "{9D7E6DB1-EDE1-4FBF-AD27-73973BCBA0A1}"
EndProject
Project("{9A19103F-16F7-4668-BE54-9A1E7A4F7556}") = "ejercicio2", "PracSem2Ejercicio2\ejercicio2.csproj", "{4DB6B588-4D3C-42CC-B19C-67E3821FFC57}"
EndProject
Project("{9A19103F-16F7-4668-BE54-9A1E7A4F7556}") = "ejercicio3", "ejercicio3\ejercicio3.csproj", "{B3479230-6F33-4EA1-89C3-78526F76F8DE}"
EndProject
Project("{9A19103F-16F7-4668-BE54-9A1E7A4F7556}") = "ejercico4", "ejercico4\ejercico4.csproj", "{4722A9D5-3971-405B-BB0E-1BEFA99D11B7}"
EndProject
Project("{9A19103F-16F7-4668-BE54-9A1E7A4F7556}") = "ejercicio 5", "ejercicio 5\ejercicio 5.csproj", "{65EB31E8-24C7-4D86-8F6A-8DB9FB114F2A}"
EndProject
Project("{FAE04EC0-301F-11D3-BF4B-00C04F79EFBC}") = "ejercicio6", "ejercicio6\ejercicio6.csproj", "{D784EDBD-7280-48ED-BCBE-2914426A2AE6}"
EndProject
Global
	GlobalSection(SolutionConfigurationPlatforms) = preSolution
		Debug|Any CPU = Debug|Any CPU
		Release|Any CPU = Release|Any CPU
	EndGlobalSection
	GlobalSection(ProjectConfigurationPlatforms) = postSolution
		{9D7E6DB1-EDE1-4FBF-AD27-73973BCBA0A1}.Debug|Any CPU.ActiveCfg = Debug|Any CPU
		{9D7E6DB1-EDE1-4FBF-AD27-73973BCBA0A1}.Debug|Any CPU.Build.0 = Debug|Any CPU
		{9D7E6DB1-EDE1-4FBF-AD27-73973BCBA0A1}.Release|Any CPU.ActiveCfg = Release|Any CPU
		{9D7E6DB1-EDE1-4FBF-AD27-73973BCBA0A1}.Release|Any CPU.Build.0 = Release|Any CPU
		{4DB6B588-4D3C-42CC-B19C-67E3821FFC57}.Debug|Any CPU.ActiveCfg = Debug|Any CPU
		{4DB6B588-4D3C-42CC-B19C-67E3821FFC57}.Debug|Any CPU.Build.0 = Debug|Any CPU
		{4DB6B588-4D3C-42CC-B19C-67E3821FFC57}.Release|Any CPU.ActiveCfg = Release|Any CPU
		{4DB6B588-4D3C-42CC-B19C-67E3821FFC57}.Release|Any CPU.Build.0 = Release|Any CPU
		{B3479230-6F33-4EA1-89C3-78526F76F8DE}.Debug|Any CPU.ActiveCfg = Debug|Any CPU
		{B3479230-6F33-4EA1-89C3-78526F76F8DE}.Debug|Any CPU.Build.0 = Debug|Any CPU
		{B3479230-6F33-4EA1-89C3-78526F76F8DE}.Release|Any CPU.ActiveCfg = Release|Any CPU
		{B3479230-6F33-4EA1-89C3-78526F76F8DE}.Release|Any CPU.Build.0 = Release|Any CPU
		{4722A9D5-3971-405B-BB0E-1BEFA99D11B7}.Debug|Any CPU.ActiveCfg = Debug|Any CPU
		{4722A9D5-3971-405B-BB0E-1BEFA99D11B7}.Debug|Any CPU.Build.0 = Debug|Any CPU
		{4722A9D5-3971-405B-BB0E-1BEFA99D11B7}.Release|Any CPU.ActiveCfg = Release|Any CPU
		{4722A9D5-3971-405B-BB0E-1BEFA99D11B7}.Release|Any CPU.Build.0 = Release|Any CPU
		{65EB31E8-24C7-4D86-8F6A-8DB9FB114F2A}.Debug|Any CPU.ActiveCfg = Debug|Any CPU
		{65EB31E8-24C7-4D86-8F6A-8DB9FB114F2A}.Debug|Any CPU.Build.0 = Debug|Any CPU
		{65EB31E8-24C7-4D86-8F6A-8DB9FB114F2A}.Release|Any CPU.ActiveCfg = Release|Any CPU
		{65EB31E8-24C7-4D86-8F6A-8DB9FB114F2A}.Release|Any CPU.Build.0 = Release|Any CPU
		{D784EDBD-7280-48ED-BCBE-2914426A2AE6}.Debug|Any CPU.ActiveCfg = Debug|Any CPU
		{D784EDBD-7280-48ED-BCBE-2914426A2AE6}.Debug|Any CPU.Build.0 = Debug|Any CPU
		{D784EDBD-7280-48ED-BCBE-2914426A2AE6}.Release|Any CPU.ActiveCfg = Release|Any CPU
		{D784EDBD-7280-48ED-BCBE-2914426A2AE6}.Release|Any CPU.Build.0 = Release|Any CPU
	EndGlobalSection
	GlobalSection(SolutionProperties) = preSolution
		HideSolutionNode = FALSE
	EndGlobalSection
	GlobalSection(ExtensibilityGlobals) = postSolution
		SolutionGuid = {FE671747-9710-4ADB-942A-D998965E629F}
	EndGlobalSection
EndGlobal
